
Microsoft Visual Studio Solution File, Format Version 12.00
# Visual Studio Version 16
VisualStudioVersion = 16.0.30517.126
MinimumVisualStudioVersion = 10.0.40219.1
Project("{FAE04EC0-301F-11D3-BF4B-00C04F79EFBC}") = "CotizadorDeCambios", "CotizadorDeCambios.csproj", "{3601E63B-901D-4AB4-8EDB-4C9029D880CF}"
EndProject
Global
	GlobalSection(SolutionConfigurationPlatforms) = preSolution
		Debug|Any CPU = Debug|Any CPU
		Release|Any CPU = Release|Any CPU
	EndGlobalSection
	GlobalSection(ProjectConfigurationPlatforms) = postSolution
		{3601E63B-901D-4AB4-8EDB-4C9029D880CF}.Debug|Any CPU.ActiveCfg = Debug|Any CPU
		{3601E63B-901D-4AB4-8EDB-4C9029D880CF}.Debug|Any CPU.Build.0 = Debug|Any CPU
		{3601E63B-901D-4AB4-8EDB-4C9029D880CF}.Release|Any CPU.ActiveCfg = Release|Any CPU
		{3601E63B-901D-4AB4-8EDB-4C9029D880CF}.Release|Any CPU.Build.0 = Release|Any CPU
	EndGlobalSection
	GlobalSection(SolutionProperties) = preSolution
		HideSolutionNode = FALSE
	EndGlobalSection
	GlobalSection(ExtensibilityGlobals) = postSolution
		SolutionGuid = {962B4638-E903-4A30-A605-6926FCF9ADE8}
	EndGlobalSection
EndGlobal
